// !$*UTF8*$!
{
	archiveVersion = 1;
	classes = {
	};
	objectVersion = 50;
	objects = {

/* Begin PBXBuildFile section */
		23494C9124CF130200697ABA /* TakePicture.cpp in Sources */ = {isa = PBXBuildFile; fileRef = 23494C8F24CF130200697ABA /* TakePicture.cpp */; };
		235CC3EB2493F0200012376D /* Mission.cpp in Sources */ = {isa = PBXBuildFile; fileRef = 235CC3E92493F0200012376D /* Mission.cpp */; };
		23789A9224AB95D1001372E5 /* MissionRequest.cpp in Sources */ = {isa = PBXBuildFile; fileRef = 23789A9024AB95D1001372E5 /* MissionRequest.cpp */; };
		23789A9524AB9694001372E5 /* MissionExecution.cpp in Sources */ = {isa = PBXBuildFile; fileRef = 23789A9324AB9694001372E5 /* MissionExecution.cpp */; };
		2381ABAC245DC25B00465752 /* UDPBroadcast.cpp in Sources */ = {isa = PBXBuildFile; fileRef = 2381ABAA245DC25B00465752 /* UDPBroadcast.cpp */; };
		2381ABAF245DD23900465752 /* UDPReceiver.cpp in Sources */ = {isa = PBXBuildFile; fileRef = 2381ABAD245DD23900465752 /* UDPReceiver.cpp */; };
		23872A1B248049B200EC738C /* UDPSender.cpp in Sources */ = {isa = PBXBuildFile; fileRef = 23872A19248049B200EC738C /* UDPSender.cpp */; };
		239C81DD248FBED900B58BAD /* AtomicTask.cpp in Sources */ = {isa = PBXBuildFile; fileRef = 23F00C8324634A2F00EC7860 /* AtomicTask.cpp */; };
		23C6E54A246EE01A00D99185 /* GoTo.cpp in Sources */ = {isa = PBXBuildFile; fileRef = 23F00C8624634DDF00EC7860 /* GoTo.cpp */; };
		23C6E54E246EF4C500D99185 /* ChargeBattery.cpp in Sources */ = {isa = PBXBuildFile; fileRef = 23C6E54C246EF4C500D99185 /* ChargeBattery.cpp */; };
		23C6E551246EF4F100D99185 /* TurnOn.cpp in Sources */ = {isa = PBXBuildFile; fileRef = 23C6E54F246EF4F100D99185 /* TurnOn.cpp */; };
		23D20B51245C71560013F98A /* main.cpp in Sources */ = {isa = PBXBuildFile; fileRef = 23D20B50245C71560013F98A /* main.cpp */; };
		23D20B58245C73370013F98A /* BlackBoard.cpp in Sources */ = {isa = PBXBuildFile; fileRef = 23D20B45245C705C0013F98A /* BlackBoard.cpp */; };
		23ECC3C9248E99AC0025CBC7 /* MissionManager.cpp in Sources */ = {isa = PBXBuildFile; fileRef = 23ECC3C7248E99AC0025CBC7 /* MissionManager.cpp */; };
		23EDB51D245CA8B9003D13A3 /* Module.cpp in Sources */ = {isa = PBXBuildFile; fileRef = 23EDB51B245CA8B9003D13A3 /* Module.cpp */; };
		23EDB520245CBBA9003D13A3 /* ModulePeriodic.cpp in Sources */ = {isa = PBXBuildFile; fileRef = 23EDB51E245CBBA9003D13A3 /* ModulePeriodic.cpp */; };
/* End PBXBuildFile section */

/* Begin PBXCopyFilesBuildPhase section */
		23D20B4B245C71560013F98A /* CopyFiles */ = {
			isa = PBXCopyFilesBuildPhase;
			buildActionMask = 2147483647;
			dstPath = /usr/share/man/man1/;
			dstSubfolderSpec = 0;
			files = (
			);
			runOnlyForDeploymentPostprocessing = 1;
		};
/* End PBXCopyFilesBuildPhase section */

/* Begin PBXFileReference section */
		233F8D3924621A5900C5B39B /* CMakeLists.txt */ = {isa = PBXFileReference; lastKnownFileType = text; path = CMakeLists.txt; sourceTree = "<group>"; };
		233F8D3A24621B0D00C5B39B /* CMakeLists.txt */ = {isa = PBXFileReference; lastKnownFileType = text; path = CMakeLists.txt; sourceTree = "<group>"; };
		2345667224CF265600B28F87 /* GoTo.cpp */ = {isa = PBXFileReference; lastKnownFileType = sourcecode.cpp.cpp; path = GoTo.cpp; sourceTree = "<group>"; };
		23494C8F24CF130200697ABA /* TakePicture.cpp */ = {isa = PBXFileReference; lastKnownFileType = sourcecode.cpp.cpp; path = TakePicture.cpp; sourceTree = "<group>"; };
		23494C9024CF130200697ABA /* TakePicture.hpp */ = {isa = PBXFileReference; lastKnownFileType = sourcecode.cpp.h; path = TakePicture.hpp; sourceTree = "<group>"; };
		234EDEBC24AFAE7800385914 /* CMakeLists.txt */ = {isa = PBXFileReference; lastKnownFileType = text; path = CMakeLists.txt; sourceTree = "<group>"; };
		234FD6972490156300F586DE /* sendMission.cpp */ = {isa = PBXFileReference; lastKnownFileType = sourcecode.cpp.cpp; path = sendMission.cpp; sourceTree = "<group>"; };
		234FD6982490263D00F586DE /* original.cpp */ = {isa = PBXFileReference; lastKnownFileType = sourcecode.cpp.cpp; path = original.cpp; sourceTree = "<group>"; };
		235CC3E92493F0200012376D /* Mission.cpp */ = {isa = PBXFileReference; lastKnownFileType = sourcecode.cpp.cpp; path = Mission.cpp; sourceTree = "<group>"; };
		235CC3EA2493F0200012376D /* Mission.hpp */ = {isa = PBXFileReference; lastKnownFileType = sourcecode.cpp.h; path = Mission.hpp; sourceTree = "<group>"; };
		2376200C24F54B81000C1B23 /* Alive.hpp */ = {isa = PBXFileReference; fileEncoding = 4; lastKnownFileType = sourcecode.cpp.h; path = Alive.hpp; sourceTree = "<group>"; };
		2376200D24F54B81000C1B23 /* Alive.cpp */ = {isa = PBXFileReference; fileEncoding = 4; lastKnownFileType = sourcecode.cpp.cpp; path = Alive.cpp; sourceTree = "<group>"; };
		2376200E24F54B87000C1B23 /* Alive.cpp */ = {isa = PBXFileReference; fileEncoding = 4; lastKnownFileType = sourcecode.cpp.cpp; path = Alive.cpp; sourceTree = "<group>"; };
		2376200F24F54B87000C1B23 /* Alive.hpp */ = {isa = PBXFileReference; fileEncoding = 4; lastKnownFileType = sourcecode.cpp.h; path = Alive.hpp; sourceTree = "<group>"; };
		2376201024F54C91000C1B23 /* TakeOff.cpp */ = {isa = PBXFileReference; lastKnownFileType = sourcecode.cpp.cpp; path = TakeOff.cpp; sourceTree = "<group>"; };
		2376201124F54C91000C1B23 /* TakeOff.hpp */ = {isa = PBXFileReference; lastKnownFileType = sourcecode.cpp.h; path = TakeOff.hpp; sourceTree = "<group>"; };
		2376201224F54C9C000C1B23 /* Land.cpp */ = {isa = PBXFileReference; lastKnownFileType = sourcecode.cpp.cpp; path = Land.cpp; sourceTree = "<group>"; };
		2376201324F54C9C000C1B23 /* Land.hpp */ = {isa = PBXFileReference; lastKnownFileType = sourcecode.cpp.h; path = Land.hpp; sourceTree = "<group>"; };
		23789A9024AB95D1001372E5 /* MissionRequest.cpp */ = {isa = PBXFileReference; lastKnownFileType = sourcecode.cpp.cpp; path = MissionRequest.cpp; sourceTree = "<group>"; };
		23789A9124AB95D1001372E5 /* MissionRequest.hpp */ = {isa = PBXFileReference; lastKnownFileType = sourcecode.cpp.h; path = MissionRequest.hpp; sourceTree = "<group>"; };
		23789A9324AB9694001372E5 /* MissionExecution.cpp */ = {isa = PBXFileReference; lastKnownFileType = sourcecode.cpp.cpp; path = MissionExecution.cpp; sourceTree = "<group>"; };
		23789A9424AB9694001372E5 /* MissionExecution.hpp */ = {isa = PBXFileReference; lastKnownFileType = sourcecode.cpp.h; path = MissionExecution.hpp; sourceTree = "<group>"; };
		23805D3A2460BF1E0061F4A0 /* dataTypes.hpp */ = {isa = PBXFileReference; lastKnownFileType = sourcecode.cpp.h; path = dataTypes.hpp; sourceTree = "<group>"; };
		2381ABAA245DC25B00465752 /* UDPBroadcast.cpp */ = {isa = PBXFileReference; lastKnownFileType = sourcecode.cpp.cpp; path = UDPBroadcast.cpp; sourceTree = "<group>"; };
		2381ABAB245DC25B00465752 /* UDPBroadcast.hpp */ = {isa = PBXFileReference; lastKnownFileType = sourcecode.cpp.h; path = UDPBroadcast.hpp; sourceTree = "<group>"; };
		2381ABAD245DD23900465752 /* UDPReceiver.cpp */ = {isa = PBXFileReference; lastKnownFileType = sourcecode.cpp.cpp; path = UDPReceiver.cpp; sourceTree = "<group>"; };
		2381ABAE245DD23900465752 /* UDPReceiver.hpp */ = {isa = PBXFileReference; lastKnownFileType = sourcecode.cpp.h; path = UDPReceiver.hpp; sourceTree = "<group>"; };
		23872A19248049B200EC738C /* UDPSender.cpp */ = {isa = PBXFileReference; lastKnownFileType = sourcecode.cpp.cpp; path = UDPSender.cpp; sourceTree = "<group>"; };
		23872A1A248049B200EC738C /* UDPSender.hpp */ = {isa = PBXFileReference; lastKnownFileType = sourcecode.cpp.h; path = UDPSender.hpp; sourceTree = "<group>"; };
		238FAE382460FB8A00755B29 /* TaskManager.cpp */ = {isa = PBXFileReference; lastKnownFileType = sourcecode.cpp.cpp; path = TaskManager.cpp; sourceTree = "<group>"; };
		238FAE392460FB8A00755B29 /* TaskManager.hpp */ = {isa = PBXFileReference; lastKnownFileType = sourcecode.cpp.h; path = TaskManager.hpp; sourceTree = "<group>"; };
		23C6E54C246EF4C500D99185 /* ChargeBattery.cpp */ = {isa = PBXFileReference; lastKnownFileType = sourcecode.cpp.cpp; path = ChargeBattery.cpp; sourceTree = "<group>"; };
		23C6E54D246EF4C500D99185 /* ChargeBattery.hpp */ = {isa = PBXFileReference; lastKnownFileType = sourcecode.cpp.h; path = ChargeBattery.hpp; sourceTree = "<group>"; };
		23C6E54F246EF4F100D99185 /* TurnOn.cpp */ = {isa = PBXFileReference; lastKnownFileType = sourcecode.cpp.cpp; path = TurnOn.cpp; sourceTree = "<group>"; };
		23C6E550246EF4F100D99185 /* TurnOn.hpp */ = {isa = PBXFileReference; lastKnownFileType = sourcecode.cpp.h; path = TurnOn.hpp; sourceTree = "<group>"; };
		23D20B3D245C705C0013F98A /* README.md */ = {isa = PBXFileReference; fileEncoding = 4; lastKnownFileType = net.daringfireball.markdown; path = README.md; sourceTree = "<group>"; };
		23D20B3F245C705C0013F98A /* CMakeLists.txt */ = {isa = PBXFileReference; fileEncoding = 4; lastKnownFileType = text; path = CMakeLists.txt; sourceTree = "<group>"; };
		23D20B40245C705C0013F98A /* main.cpp */ = {isa = PBXFileReference; fileEncoding = 4; lastKnownFileType = sourcecode.cpp.cpp; path = main.cpp; sourceTree = "<group>"; };
		23D20B43245C705C0013F98A /* CMakeLists.txt */ = {isa = PBXFileReference; fileEncoding = 4; lastKnownFileType = text; path = CMakeLists.txt; sourceTree = "<group>"; };
		23D20B45245C705C0013F98A /* BlackBoard.cpp */ = {isa = PBXFileReference; fileEncoding = 4; lastKnownFileType = sourcecode.cpp.cpp; path = BlackBoard.cpp; sourceTree = "<group>"; };
		23D20B46245C705C0013F98A /* CMakeLists.txt */ = {isa = PBXFileReference; fileEncoding = 4; lastKnownFileType = text; path = CMakeLists.txt; sourceTree = "<group>"; };
		23D20B48245C705C0013F98A /* CMakeLists.txt */ = {isa = PBXFileReference; fileEncoding = 4; lastKnownFileType = text; path = CMakeLists.txt; sourceTree = "<group>"; };
		23D20B4D245C71560013F98A /* MRSMac */ = {isa = PBXFileReference; explicitFileType = "compiled.mach-o.executable"; includeInIndex = 0; path = MRSMac; sourceTree = BUILT_PRODUCTS_DIR; };
		23D20B50245C71560013F98A /* main.cpp */ = {isa = PBXFileReference; lastKnownFileType = sourcecode.cpp.cpp; path = main.cpp; sourceTree = "<group>"; };
		23ECC3C7248E99AC0025CBC7 /* MissionManager.cpp */ = {isa = PBXFileReference; lastKnownFileType = sourcecode.cpp.cpp; path = MissionManager.cpp; sourceTree = "<group>"; };
		23ECC3C8248E99AC0025CBC7 /* MissionManager.hpp */ = {isa = PBXFileReference; lastKnownFileType = sourcecode.cpp.h; path = MissionManager.hpp; sourceTree = "<group>"; };
		23ED54D724CE179100239D05 /* package.xml */ = {isa = PBXFileReference; lastKnownFileType = text.xml; path = package.xml; sourceTree = "<group>"; };
		23ED54D924CE17EB00239D05 /* Alive.cpp */ = {isa = PBXFileReference; lastKnownFileType = sourcecode.cpp.cpp; path = Alive.cpp; sourceTree = "<group>"; };
		23ED54DA24CE17EB00239D05 /* Alive.hpp */ = {isa = PBXFileReference; lastKnownFileType = sourcecode.cpp.h; path = Alive.hpp; sourceTree = "<group>"; };
		23EDB51B245CA8B9003D13A3 /* Module.cpp */ = {isa = PBXFileReference; lastKnownFileType = sourcecode.cpp.cpp; path = Module.cpp; sourceTree = "<group>"; };
		23EDB51C245CA8B9003D13A3 /* Module.hpp */ = {isa = PBXFileReference; lastKnownFileType = sourcecode.cpp.h; path = Module.hpp; sourceTree = "<group>"; };
		23EDB51E245CBBA9003D13A3 /* ModulePeriodic.cpp */ = {isa = PBXFileReference; lastKnownFileType = sourcecode.cpp.cpp; path = ModulePeriodic.cpp; sourceTree = "<group>"; };
		23EDB51F245CBBA9003D13A3 /* ModulePeriodic.hpp */ = {isa = PBXFileReference; lastKnownFileType = sourcecode.cpp.h; path = ModulePeriodic.hpp; sourceTree = "<group>"; };
		23F00C82246331AA00EC7860 /* BlackBoard.hpp */ = {isa = PBXFileReference; lastKnownFileType = sourcecode.cpp.h; path = BlackBoard.hpp; sourceTree = "<group>"; };
		23F00C8324634A2F00EC7860 /* AtomicTask.cpp */ = {isa = PBXFileReference; lastKnownFileType = sourcecode.cpp.cpp; path = AtomicTask.cpp; sourceTree = "<group>"; };
		23F00C8424634A2F00EC7860 /* AtomicTask.hpp */ = {isa = PBXFileReference; lastKnownFileType = sourcecode.cpp.h; path = AtomicTask.hpp; sourceTree = "<group>"; };
		23F00C8624634DDF00EC7860 /* GoTo.cpp */ = {isa = PBXFileReference; lastKnownFileType = sourcecode.cpp.cpp; path = GoTo.cpp; sourceTree = "<group>"; };
		23F00C8724634DDF00EC7860 /* GoTo.hpp */ = {isa = PBXFileReference; lastKnownFileType = sourcecode.cpp.h; name = GoTo.hpp; path = src/Task/Default/GoTo.hpp; sourceTree = SOURCE_ROOT; };
		23F0BD4624F54A91003194C1 /* GoTo.cpp */ = {isa = PBXFileReference; lastKnownFileType = sourcecode.cpp.cpp; path = GoTo.cpp; sourceTree = "<group>"; };
/* End PBXFileReference section */

/* Begin PBXFrameworksBuildPhase section */
		23D20B4A245C71560013F98A /* Frameworks */ = {
			isa = PBXFrameworksBuildPhase;
			buildActionMask = 2147483647;
			files = (
			);
			runOnlyForDeploymentPostprocessing = 0;
		};
/* End PBXFrameworksBuildPhase section */

/* Begin PBXGroup section */
		2345667124CF262400B28F87 /* Turtlebot */ = {
			isa = PBXGroup;
			children = (
				2376200E24F54B87000C1B23 /* Alive.cpp */,
				2376200F24F54B87000C1B23 /* Alive.hpp */,
				2345667224CF265600B28F87 /* GoTo.cpp */,
			);
			path = Turtlebot;
			sourceTree = "<group>";
		};
		237E6C6124A3DB05009F5B02 /* Default */ = {
			isa = PBXGroup;
			children = (
				23F00C8624634DDF00EC7860 /* GoTo.cpp */,
				23F00C8724634DDF00EC7860 /* GoTo.hpp */,
				23C6E54C246EF4C500D99185 /* ChargeBattery.cpp */,
				23C6E54D246EF4C500D99185 /* ChargeBattery.hpp */,
				23C6E54F246EF4F100D99185 /* TurnOn.cpp */,
				23C6E550246EF4F100D99185 /* TurnOn.hpp */,
				23494C8F24CF130200697ABA /* TakePicture.cpp */,
				23494C9024CF130200697ABA /* TakePicture.hpp */,
			);
			path = Default;
			sourceTree = "<group>";
		};
		23805D362460BC730061F4A0 /* Task */ = {
			isa = PBXGroup;
			children = (
				23F0BD4524F54A75003194C1 /* Mavros */,
				2345667124CF262400B28F87 /* Turtlebot */,
				237E6C6124A3DB05009F5B02 /* Default */,
				233F8D3924621A5900C5B39B /* CMakeLists.txt */,
				238FAE382460FB8A00755B29 /* TaskManager.cpp */,
				238FAE392460FB8A00755B29 /* TaskManager.hpp */,
				23F00C8324634A2F00EC7860 /* AtomicTask.cpp */,
				23F00C8424634A2F00EC7860 /* AtomicTask.hpp */,
			);
			path = Task;
			sourceTree = "<group>";
		};
		23D20B3E245C705C0013F98A /* main */ = {
			isa = PBXGroup;
			children = (
				23D20B3F245C705C0013F98A /* CMakeLists.txt */,
				23D20B40245C705C0013F98A /* main.cpp */,
			);
			path = main;
			sourceTree = "<group>";
		};
		23D20B41245C705C0013F98A /* build */ = {
			isa = PBXGroup;
			children = (
			);
			path = build;
			sourceTree = "<group>";
		};
		23D20B42245C705C0013F98A /* src */ = {
			isa = PBXGroup;
			children = (
				23ED54D824CE17D200239D05 /* Alive */,
				23ECC3C6248E99940025CBC7 /* Mission */,
				23805D362460BC730061F4A0 /* Task */,
				23EDB521245CC72F003D13A3 /* Communication */,
				23D20B43245C705C0013F98A /* CMakeLists.txt */,
				23D20B44245C705C0013F98A /* Core */,
			);
			path = src;
			sourceTree = "<group>";
		};
		23D20B44245C705C0013F98A /* Core */ = {
			isa = PBXGroup;
			children = (
				23D20B45245C705C0013F98A /* BlackBoard.cpp */,
				23F00C82246331AA00EC7860 /* BlackBoard.hpp */,
				23D20B46245C705C0013F98A /* CMakeLists.txt */,
				23EDB51B245CA8B9003D13A3 /* Module.cpp */,
				23EDB51C245CA8B9003D13A3 /* Module.hpp */,
				23EDB51E245CBBA9003D13A3 /* ModulePeriodic.cpp */,
				23EDB51F245CBBA9003D13A3 /* ModulePeriodic.hpp */,
				23805D3A2460BF1E0061F4A0 /* dataTypes.hpp */,
			);
			path = Core;
			sourceTree = "<group>";
		};
		23D20B4E245C71560013F98A /* Products */ = {
			isa = PBXGroup;
			children = (
				23D20B4D245C71560013F98A /* MRSMac */,
			);
			name = Products;
			sourceTree = "<group>";
		};
		23D20B4F245C71560013F98A /* MRSMac */ = {
			isa = PBXGroup;
			children = (
				23D20B50245C71560013F98A /* main.cpp */,
				234FD6972490156300F586DE /* sendMission.cpp */,
				234FD6982490263D00F586DE /* original.cpp */,
			);
			path = MRSMac;
			sourceTree = "<group>";
		};
		23ECC3C6248E99940025CBC7 /* Mission */ = {
			isa = PBXGroup;
			children = (
				23ECC3C7248E99AC0025CBC7 /* MissionManager.cpp */,
				23ECC3C8248E99AC0025CBC7 /* MissionManager.hpp */,
				235CC3E92493F0200012376D /* Mission.cpp */,
				235CC3EA2493F0200012376D /* Mission.hpp */,
				23789A9024AB95D1001372E5 /* MissionRequest.cpp */,
				23789A9124AB95D1001372E5 /* MissionRequest.hpp */,
				23789A9324AB9694001372E5 /* MissionExecution.cpp */,
				23789A9424AB9694001372E5 /* MissionExecution.hpp */,
				234EDEBC24AFAE7800385914 /* CMakeLists.txt */,
			);
			path = Mission;
			sourceTree = "<group>";
		};
		23ED54D824CE17D200239D05 /* Alive */ = {
			isa = PBXGroup;
			children = (
				23ED54D924CE17EB00239D05 /* Alive.cpp */,
				23ED54DA24CE17EB00239D05 /* Alive.hpp */,
			);
			path = Alive;
			sourceTree = "<group>";
		};
		23EDB521245CC72F003D13A3 /* Communication */ = {
			isa = PBXGroup;
			children = (
				233F8D3A24621B0D00C5B39B /* CMakeLists.txt */,
				2381ABAA245DC25B00465752 /* UDPBroadcast.cpp */,
				2381ABAB245DC25B00465752 /* UDPBroadcast.hpp */,
				2381ABAD245DD23900465752 /* UDPReceiver.cpp */,
				2381ABAE245DD23900465752 /* UDPReceiver.hpp */,
				23872A19248049B200EC738C /* UDPSender.cpp */,
				23872A1A248049B200EC738C /* UDPSender.hpp */,
			);
			path = Communication;
			sourceTree = "<group>";
		};
		23F0BD4524F54A75003194C1 /* Mavros */ = {
			isa = PBXGroup;
			children = (
				2376200D24F54B81000C1B23 /* Alive.cpp */,
				2376200C24F54B81000C1B23 /* Alive.hpp */,
				23F0BD4624F54A91003194C1 /* GoTo.cpp */,
				2376201024F54C91000C1B23 /* TakeOff.cpp */,
				2376201124F54C91000C1B23 /* TakeOff.hpp */,
				2376201224F54C9C000C1B23 /* Land.cpp */,
				2376201324F54C9C000C1B23 /* Land.hpp */,
			);
			path = Mavros;
			sourceTree = "<group>";
		};
		23F9DFE3245C6FDB008506C4 = {
			isa = PBXGroup;
			children = (
				23ED54D724CE179100239D05 /* package.xml */,
				23D20B41245C705C0013F98A /* build */,
				23D20B48245C705C0013F98A /* CMakeLists.txt */,
				23D20B3E245C705C0013F98A /* main */,
				23D20B3D245C705C0013F98A /* README.md */,
				23D20B42245C705C0013F98A /* src */,
				23D20B4F245C71560013F98A /* MRSMac */,
				23D20B4E245C71560013F98A /* Products */,
			);
			sourceTree = "<group>";
		};
/* End PBXGroup section */

/* Begin PBXLegacyTarget section */
		23F9DFE8245C6FDB008506C4 /* MRSFramework */ = {
			isa = PBXLegacyTarget;
			buildArgumentsString = "$(ACTION)";
			buildConfigurationList = 23F9DFEB245C6FDB008506C4 /* Build configuration list for PBXLegacyTarget "MRSFramework" */;
			buildPhases = (
			);
			buildToolPath = /usr/bin/make;
			buildWorkingDirectory = /Users/afonso/Github/MRSFramework/build;
			dependencies = (
			);
			name = MRSFramework;
			passBuildSettingsInEnvironment = 1;
			productName = MRSFramework;
		};
/* End PBXLegacyTarget section */

/* Begin PBXNativeTarget section */
		23D20B4C245C71560013F98A /* MRSMac */ = {
			isa = PBXNativeTarget;
			buildConfigurationList = 23D20B52245C71560013F98A /* Build configuration list for PBXNativeTarget "MRSMac" */;
			buildPhases = (
				23D20B49245C71560013F98A /* Sources */,
				23D20B4A245C71560013F98A /* Frameworks */,
				23D20B4B245C71560013F98A /* CopyFiles */,
			);
			buildRules = (
			);
			dependencies = (
			);
			name = MRSMac;
			productName = MRSMac;
			productReference = 23D20B4D245C71560013F98A /* MRSMac */;
			productType = "com.apple.product-type.tool";
		};
/* End PBXNativeTarget section */

/* Begin PBXProject section */
		23F9DFE4245C6FDB008506C4 /* Project object */ = {
			isa = PBXProject;
			attributes = {
				LastUpgradeCheck = 1140;
				ORGANIZATIONNAME = "Afonso Braga";
				TargetAttributes = {
					23D20B4C245C71560013F98A = {
						CreatedOnToolsVersion = 11.4.1;
					};
					23F9DFE8245C6FDB008506C4 = {
						CreatedOnToolsVersion = 11.4.1;
					};
				};
			};
			buildConfigurationList = 23F9DFE7245C6FDB008506C4 /* Build configuration list for PBXProject "MRSFramework" */;
			compatibilityVersion = "Xcode 9.3";
			developmentRegion = en;
			hasScannedForEncodings = 0;
			knownRegions = (
				en,
				Base,
			);
			mainGroup = 23F9DFE3245C6FDB008506C4;
			productRefGroup = 23D20B4E245C71560013F98A /* Products */;
			projectDirPath = "";
			projectRoot = "";
			targets = (
				23F9DFE8245C6FDB008506C4 /* MRSFramework */,
				23D20B4C245C71560013F98A /* MRSMac */,
			);
		};
/* End PBXProject section */

/* Begin PBXSourcesBuildPhase section */
		23D20B49245C71560013F98A /* Sources */ = {
			isa = PBXSourcesBuildPhase;
			buildActionMask = 2147483647;
			files = (
				23872A1B248049B200EC738C /* UDPSender.cpp in Sources */,
				23494C9124CF130200697ABA /* TakePicture.cpp in Sources */,
				23ECC3C9248E99AC0025CBC7 /* MissionManager.cpp in Sources */,
				23EDB520245CBBA9003D13A3 /* ModulePeriodic.cpp in Sources */,
				239C81DD248FBED900B58BAD /* AtomicTask.cpp in Sources */,
				23D20B58245C73370013F98A /* BlackBoard.cpp in Sources */,
				23EDB51D245CA8B9003D13A3 /* Module.cpp in Sources */,
				235CC3EB2493F0200012376D /* Mission.cpp in Sources */,
				23C6E54A246EE01A00D99185 /* GoTo.cpp in Sources */,
				23789A9524AB9694001372E5 /* MissionExecution.cpp in Sources */,
				23C6E551246EF4F100D99185 /* TurnOn.cpp in Sources */,
				2381ABAC245DC25B00465752 /* UDPBroadcast.cpp in Sources */,
				23D20B51245C71560013F98A /* main.cpp in Sources */,
				2381ABAF245DD23900465752 /* UDPReceiver.cpp in Sources */,
				23789A9224AB95D1001372E5 /* MissionRequest.cpp in Sources */,
				23C6E54E246EF4C500D99185 /* ChargeBattery.cpp in Sources */,
			);
			runOnlyForDeploymentPostprocessing = 0;
		};
/* End PBXSourcesBuildPhase section */

/* Begin XCBuildConfiguration section */
		23D20B53245C71560013F98A /* Debug */ = {
			isa = XCBuildConfiguration;
			buildSettings = {
				CODE_SIGN_STYLE = Automatic;
				MACOSX_DEPLOYMENT_TARGET = 10.15;
				PRODUCT_NAME = "$(TARGET_NAME)";
				SDKROOT = macosx;
			};
			name = Debug;
		};
		23D20B54245C71560013F98A /* Release */ = {
			isa = XCBuildConfiguration;
			buildSettings = {
				CODE_SIGN_STYLE = Automatic;
				MACOSX_DEPLOYMENT_TARGET = 10.15;
				PRODUCT_NAME = "$(TARGET_NAME)";
				SDKROOT = macosx;
			};
			name = Release;
		};
		23F9DFE9245C6FDB008506C4 /* Debug */ = {
			isa = XCBuildConfiguration;
			buildSettings = {
				ALWAYS_SEARCH_USER_PATHS = NO;
				CLANG_ANALYZER_NONNULL = YES;
				CLANG_ANALYZER_NUMBER_OBJECT_CONVERSION = YES_AGGRESSIVE;
				CLANG_CXX_LANGUAGE_STANDARD = "gnu++17";
				CLANG_CXX_LIBRARY = "libc++";
				CLANG_ENABLE_MODULES = YES;
				CLANG_ENABLE_OBJC_ARC = YES;
				CLANG_ENABLE_OBJC_WEAK = YES;
				CLANG_WARN_BLOCK_CAPTURE_AUTORELEASING = YES;
				CLANG_WARN_BOOL_CONVERSION = YES;
				CLANG_WARN_COMMA = YES;
				CLANG_WARN_CONSTANT_CONVERSION = YES;
				CLANG_WARN_DEPRECATED_OBJC_IMPLEMENTATIONS = YES;
				CLANG_WARN_DIRECT_OBJC_ISA_USAGE = YES_ERROR;
				CLANG_WARN_DOCUMENTATION_COMMENTS = YES;
				CLANG_WARN_EMPTY_BODY = YES;
				CLANG_WARN_ENUM_CONVERSION = YES;
				CLANG_WARN_INFINITE_RECURSION = YES;
				CLANG_WARN_INT_CONVERSION = YES;
				CLANG_WARN_NON_LITERAL_NULL_CONVERSION = YES;
				CLANG_WARN_OBJC_IMPLICIT_RETAIN_SELF = YES;
				CLANG_WARN_OBJC_LITERAL_CONVERSION = YES;
				CLANG_WARN_OBJC_ROOT_CLASS = YES_ERROR;
				CLANG_WARN_RANGE_LOOP_ANALYSIS = YES;
				CLANG_WARN_STRICT_PROTOTYPES = YES;
				CLANG_WARN_SUSPICIOUS_MOVE = YES;
				CLANG_WARN_UNGUARDED_AVAILABILITY = YES_AGGRESSIVE;
				CLANG_WARN_UNREACHABLE_CODE = YES;
				CLANG_WARN__DUPLICATE_METHOD_MATCH = YES;
				COPY_PHASE_STRIP = NO;
				DEBUG_INFORMATION_FORMAT = dwarf;
				ENABLE_STRICT_OBJC_MSGSEND = YES;
				ENABLE_TESTABILITY = YES;
				GCC_C_LANGUAGE_STANDARD = gnu11;
				GCC_DYNAMIC_NO_PIC = NO;
				GCC_NO_COMMON_BLOCKS = YES;
				GCC_OPTIMIZATION_LEVEL = 0;
				GCC_PREPROCESSOR_DEFINITIONS = (
					"DEBUG=1",
					"$(inherited)",
				);
				GCC_WARN_64_TO_32_BIT_CONVERSION = YES;
				GCC_WARN_ABOUT_RETURN_TYPE = YES_ERROR;
				GCC_WARN_UNDECLARED_SELECTOR = YES;
				GCC_WARN_UNINITIALIZED_AUTOS = YES_AGGRESSIVE;
				GCC_WARN_UNUSED_FUNCTION = YES;
				GCC_WARN_UNUSED_VARIABLE = YES;
				MTL_ENABLE_DEBUG_INFO = INCLUDE_SOURCE;
				MTL_FAST_MATH = YES;
				ONLY_ACTIVE_ARCH = YES;
			};
			name = Debug;
		};
		23F9DFEA245C6FDB008506C4 /* Release */ = {
			isa = XCBuildConfiguration;
			buildSettings = {
				ALWAYS_SEARCH_USER_PATHS = NO;
				CLANG_ANALYZER_NONNULL = YES;
				CLANG_ANALYZER_NUMBER_OBJECT_CONVERSION = YES_AGGRESSIVE;
				CLANG_CXX_LANGUAGE_STANDARD = "gnu++17";
				CLANG_CXX_LIBRARY = "libc++";
				CLANG_ENABLE_MODULES = YES;
				CLANG_ENABLE_OBJC_ARC = YES;
				CLANG_ENABLE_OBJC_WEAK = YES;
				CLANG_WARN_BLOCK_CAPTURE_AUTORELEASING = YES;
				CLANG_WARN_BOOL_CONVERSION = YES;
				CLANG_WARN_COMMA = YES;
				CLANG_WARN_CONSTANT_CONVERSION = YES;
				CLANG_WARN_DEPRECATED_OBJC_IMPLEMENTATIONS = YES;
				CLANG_WARN_DIRECT_OBJC_ISA_USAGE = YES_ERROR;
				CLANG_WARN_DOCUMENTATION_COMMENTS = YES;
				CLANG_WARN_EMPTY_BODY = YES;
				CLANG_WARN_ENUM_CONVERSION = YES;
				CLANG_WARN_INFINITE_RECURSION = YES;
				CLANG_WARN_INT_CONVERSION = YES;
				CLANG_WARN_NON_LITERAL_NULL_CONVERSION = YES;
				CLANG_WARN_OBJC_IMPLICIT_RETAIN_SELF = YES;
				CLANG_WARN_OBJC_LITERAL_CONVERSION = YES;
				CLANG_WARN_OBJC_ROOT_CLASS = YES_ERROR;
				CLANG_WARN_RANGE_LOOP_ANALYSIS = YES;
				CLANG_WARN_STRICT_PROTOTYPES = YES;
				CLANG_WARN_SUSPICIOUS_MOVE = YES;
				CLANG_WARN_UNGUARDED_AVAILABILITY = YES_AGGRESSIVE;
				CLANG_WARN_UNREACHABLE_CODE = YES;
				CLANG_WARN__DUPLICATE_METHOD_MATCH = YES;
				COPY_PHASE_STRIP = NO;
				DEBUG_INFORMATION_FORMAT = "dwarf-with-dsym";
				ENABLE_NS_ASSERTIONS = NO;
				ENABLE_STRICT_OBJC_MSGSEND = YES;
				GCC_C_LANGUAGE_STANDARD = gnu11;
				GCC_NO_COMMON_BLOCKS = YES;
				GCC_WARN_64_TO_32_BIT_CONVERSION = YES;
				GCC_WARN_ABOUT_RETURN_TYPE = YES_ERROR;
				GCC_WARN_UNDECLARED_SELECTOR = YES;
				GCC_WARN_UNINITIALIZED_AUTOS = YES_AGGRESSIVE;
				GCC_WARN_UNUSED_FUNCTION = YES;
				GCC_WARN_UNUSED_VARIABLE = YES;
				MTL_ENABLE_DEBUG_INFO = NO;
				MTL_FAST_MATH = YES;
			};
			name = Release;
		};
		23F9DFEC245C6FDB008506C4 /* Debug */ = {
			isa = XCBuildConfiguration;
			buildSettings = {
				CODE_SIGN_STYLE = Automatic;
				DEBUGGING_SYMBOLS = YES;
				DEBUG_INFORMATION_FORMAT = dwarf;
				GCC_GENERATE_DEBUGGING_SYMBOLS = YES;
				GCC_OPTIMIZATION_LEVEL = 0;
				OTHER_CFLAGS = "";
				OTHER_LDFLAGS = "";
				PRODUCT_NAME = "$(TARGET_NAME)";
			};
			name = Debug;
		};
		23F9DFED245C6FDB008506C4 /* Release */ = {
			isa = XCBuildConfiguration;
			buildSettings = {
				CODE_SIGN_STYLE = Automatic;
				DEBUG_INFORMATION_FORMAT = "dwarf-with-dsym";
				OTHER_CFLAGS = "";
				OTHER_LDFLAGS = "";
				PRODUCT_NAME = "$(TARGET_NAME)";
			};
			name = Release;
		};
/* End XCBuildConfiguration section */

/* Begin XCConfigurationList section */
		23D20B52245C71560013F98A /* Build configuration list for PBXNativeTarget "MRSMac" */ = {
			isa = XCConfigurationList;
			buildConfigurations = (
				23D20B53245C71560013F98A /* Debug */,
				23D20B54245C71560013F98A /* Release */,
			);
			defaultConfigurationIsVisible = 0;
			defaultConfigurationName = Release;
		};
		23F9DFE7245C6FDB008506C4 /* Build configuration list for PBXProject "MRSFramework" */ = {
			isa = XCConfigurationList;
			buildConfigurations = (
				23F9DFE9245C6FDB008506C4 /* Debug */,
				23F9DFEA245C6FDB008506C4 /* Release */,
			);
			defaultConfigurationIsVisible = 0;
			defaultConfigurationName = Release;
		};
		23F9DFEB245C6FDB008506C4 /* Build configuration list for PBXLegacyTarget "MRSFramework" */ = {
			isa = XCConfigurationList;
			buildConfigurations = (
				23F9DFEC245C6FDB008506C4 /* Debug */,
				23F9DFED245C6FDB008506C4 /* Release */,
			);
			defaultConfigurationIsVisible = 0;
			defaultConfigurationName = Release;
		};
/* End XCConfigurationList section */
	};
	rootObject = 23F9DFE4245C6FDB008506C4 /* Project object */;
}
